
Microsoft Visual Studio Solution File, Format Version 12.00
# Visual Studio Version 17
VisualStudioVersion = 17.7.34302.85
MinimumVisualStudioVersion = 10.0.40219.1
Project("{2150E333-8FDC-42A3-9474-1A3956D46DE8}") = "src", "src", "{D50408ED-8098-44D2-977E-C02BC589B49B}"
EndProject
Project("{9A19103F-16F7-4668-BE54-9A1E7A4F7556}") = "Application", "Application\Application.csproj", "{317A37D4-7D4C-480B-83E0-AC595220964C}"
EndProject
Project("{9A19103F-16F7-4668-BE54-9A1E7A4F7556}") = "Infrastructure", "Infrastructure\Infrastructure.csproj", "{EC290059-331B-4526-9B96-4D24F565C012}"
EndProject
Project("{9A19103F-16F7-4668-BE54-9A1E7A4F7556}") = "Domain", "Domain\Domain.csproj", "{B0B734AE-2082-45F5-B308-611EBAB59822}"
EndProject
Project("{9A19103F-16F7-4668-BE54-9A1E7A4F7556}") = "Presentation", "Presentation\Presentation\Presentation.csproj", "{86460961-11F1-4D95-BF85-C6AE91B3B4BB}"
EndProject
Project("{9A19103F-16F7-4668-BE54-9A1E7A4F7556}") = "Presentation.Client", "Presentation\Presentation.Client\Presentation.Client.csproj", "{A451EA52-2AB5-464C-90F2-CABE8AD0AA45}"
EndProject
Project("{2150E333-8FDC-42A3-9474-1A3956D46DE8}") = "test", "test", "{FE7B04BB-F533-460F-86B6-D6E17C0DF86C}"
EndProject
Project("{FAE04EC0-301F-11D3-BF4B-00C04F79EFBC}") = "Test", "Test\Test.csproj", "{CABECA83-5014-4263-A233-BA2205CDE920}"
EndProject
Global
	GlobalSection(SolutionConfigurationPlatforms) = preSolution
		Debug|Any CPU = Debug|Any CPU
		Release|Any CPU = Release|Any CPU
	EndGlobalSection
	GlobalSection(ProjectConfigurationPlatforms) = postSolution
		{317A37D4-7D4C-480B-83E0-AC595220964C}.Debug|Any CPU.ActiveCfg = Debug|Any CPU
		{317A37D4-7D4C-480B-83E0-AC595220964C}.Debug|Any CPU.Build.0 = Debug|Any CPU
		{317A37D4-7D4C-480B-83E0-AC595220964C}.Release|Any CPU.ActiveCfg = Release|Any CPU
		{317A37D4-7D4C-480B-83E0-AC595220964C}.Release|Any CPU.Build.0 = Release|Any CPU
		{EC290059-331B-4526-9B96-4D24F565C012}.Debug|Any CPU.ActiveCfg = Debug|Any CPU
		{EC290059-331B-4526-9B96-4D24F565C012}.Debug|Any CPU.Build.0 = Debug|Any CPU
		{EC290059-331B-4526-9B96-4D24F565C012}.Release|Any CPU.ActiveCfg = Release|Any CPU
		{EC290059-331B-4526-9B96-4D24F565C012}.Release|Any CPU.Build.0 = Release|Any CPU
		{B0B734AE-2082-45F5-B308-611EBAB59822}.Debug|Any CPU.ActiveCfg = Debug|Any CPU
		{B0B734AE-2082-45F5-B308-611EBAB59822}.Debug|Any CPU.Build.0 = Debug|Any CPU
		{B0B734AE-2082-45F5-B308-611EBAB59822}.Release|Any CPU.ActiveCfg = Release|Any CPU
		{B0B734AE-2082-45F5-B308-611EBAB59822}.Release|Any CPU.Build.0 = Release|Any CPU
		{86460961-11F1-4D95-BF85-C6AE91B3B4BB}.Debug|Any CPU.ActiveCfg = Debug|Any CPU
		{86460961-11F1-4D95-BF85-C6AE91B3B4BB}.Debug|Any CPU.Build.0 = Debug|Any CPU
		{86460961-11F1-4D95-BF85-C6AE91B3B4BB}.Release|Any CPU.ActiveCfg = Release|Any CPU
		{86460961-11F1-4D95-BF85-C6AE91B3B4BB}.Release|Any CPU.Build.0 = Release|Any CPU
		{A451EA52-2AB5-464C-90F2-CABE8AD0AA45}.Debug|Any CPU.ActiveCfg = Debug|Any CPU
		{A451EA52-2AB5-464C-90F2-CABE8AD0AA45}.Debug|Any CPU.Build.0 = Debug|Any CPU
		{A451EA52-2AB5-464C-90F2-CABE8AD0AA45}.Release|Any CPU.ActiveCfg = Release|Any CPU
		{A451EA52-2AB5-464C-90F2-CABE8AD0AA45}.Release|Any CPU.Build.0 = Release|Any CPU
		{CABECA83-5014-4263-A233-BA2205CDE920}.Debug|Any CPU.ActiveCfg = Debug|Any CPU
		{CABECA83-5014-4263-A233-BA2205CDE920}.Debug|Any CPU.Build.0 = Debug|Any CPU
		{CABECA83-5014-4263-A233-BA2205CDE920}.Release|Any CPU.ActiveCfg = Release|Any CPU
		{CABECA83-5014-4263-A233-BA2205CDE920}.Release|Any CPU.Build.0 = Release|Any CPU
	EndGlobalSection
	GlobalSection(SolutionProperties) = preSolution
		HideSolutionNode = FALSE
	EndGlobalSection
	GlobalSection(NestedProjects) = preSolution
		{317A37D4-7D4C-480B-83E0-AC595220964C} = {D50408ED-8098-44D2-977E-C02BC589B49B}
		{EC290059-331B-4526-9B96-4D24F565C012} = {D50408ED-8098-44D2-977E-C02BC589B49B}
		{B0B734AE-2082-45F5-B308-611EBAB59822} = {D50408ED-8098-44D2-977E-C02BC589B49B}
		{86460961-11F1-4D95-BF85-C6AE91B3B4BB} = {D50408ED-8098-44D2-977E-C02BC589B49B}
		{A451EA52-2AB5-464C-90F2-CABE8AD0AA45} = {D50408ED-8098-44D2-977E-C02BC589B49B}
		{CABECA83-5014-4263-A233-BA2205CDE920} = {FE7B04BB-F533-460F-86B6-D6E17C0DF86C}
	EndGlobalSection
	GlobalSection(ExtensibilityGlobals) = postSolution
		SolutionGuid = {428A800C-ACAD-4D35-81DB-18FE53B4203A}
	EndGlobalSection
EndGlobal
